{
  "originHash" : "c10d2fb1c2ab6b69e864167d47438d329a83fae1b885a816bf5a99bccb13b945",
  "pins" : [
    {
      "identity" : "structurekit",
      "kind" : "remoteSourceControl",
      "location" : "https://github.com/structureio/StructureKit",
      "state" : {
        "revision" : "38cf355990f48b4701e766bde88403dc96b9eb64",
        "version" : "1.0.4"
      }
    }
  ],
  "version" : 3
}
