{
  "originHash" : "a9302b8f681184877cb808b9f4a6b6f39a1b0693000633579644d37dbfbf8a31",
  "pins" : [
    {
      "identity" : "sentry-cocoa",
      "kind" : "remoteSourceControl",
      "location" : "https://github.com/getsentry/sentry-cocoa",
      "state" : {
        "revision" : "17446c3898ab51661e44c2a37f46ad95e1efdf30",
        "version" : "8.52.0"
      }
    },
    {
      "identity" : "structurekit",
      "kind" : "remoteSourceControl",
      "location" : "https://github.com/structureio/StructureKit",
      "state" : {
        "revision" : "38cf355990f48b4701e766bde88403dc96b9eb64",
        "version" : "1.0.4"
      }
    }
  ],
  "version" : 3
}
